{
    "_meta": {
        "hash": {
            "sha256": "a5f2738fc484fd324c0269e116753aa6327b3f92d7c320c551cb3082fc1bcd9e"
        },
        "pipfile-spec": 6,
        "requires": {
            "python_version": "3.12"
        },
        "sources": [
            {
                "name": "pypi",
                "url": "https://pypi.org/simple",
                "verify_ssl": true
            }
        ]
    },
    "default": {
        "svgwrite": {
            "hashes": [
                "sha256:a8fbdfd4443302a6619a7f76bc937fc683daf2628d9b737c891ec08b8ce524c3",
                "sha256:bb6b2b5450f1edbfa597d924f9ac2dd099e625562e492021d7dd614f65f8a22d"
            ],
            "index": "pypi",
            "markers": "python_version >= '3.6'",
            "version": "==1.4.3"
        }
    },
    "develop": {}
}
